// !$*UTF8*$!
{
	archiveVersion = 1;
	classes = {
	};
	objectVersion = 46;
	objects = {

/* Begin PBXBuildFile section */
		F28EE353193E3DA900CB2AEF /* AppDelegate.swift in Sources */ = {isa = PBXBuildFile; fileRef = F28EE352193E3DA900CB2AEF /* AppDelegate.swift */; };
		F28EE355193E3DA900CB2AEF /* ViewController.swift in Sources */ = {isa = PBXBuildFile; fileRef = F28EE354193E3DA900CB2AEF /* ViewController.swift */; };
		F28EE358193E3DA900CB2AEF /* Main.storyboard in Resources */ = {isa = PBXBuildFile; fileRef = F28EE356193E3DA900CB2AEF /* Main.storyboard */; };
		F28EE35A193E3DA900CB2AEF /* Images.xcassets in Resources */ = {isa = PBXBuildFile; fileRef = F28EE359193E3DA900CB2AEF /* Images.xcassets */; };
		F28EE366193E3DA900CB2AEF /* SwiftTestTests.swift in Sources */ = {isa = PBXBuildFile; fileRef = F28EE365193E3DA900CB2AEF /* SwiftTestTests.swift */; };
/* End PBXBuildFile section */

/* Begin PBXContainerItemProxy section */
		F28EE360193E3DA900CB2AEF /* PBXContainerItemProxy */ = {
			isa = PBXContainerItemProxy;
			containerPortal = F28EE345193E3DA900CB2AEF /* Project object */;
			proxyType = 1;
			remoteGlobalIDString = F28EE34C193E3DA900CB2AEF;
			remoteInfo = SwiftTest;
		};
/* End PBXContainerItemProxy section */

/* Begin PBXFileReference section */
		F28EE34D193E3DA900CB2AEF /* SwiftTest.app */ = {isa = PBXFileReference; explicitFileType = wrapper.application; includeInIndex = 0; path = SwiftTest.app; sourceTree = BUILT_PRODUCTS_DIR; };
		F28EE351193E3DA900CB2AEF /* Info.plist */ = {isa = PBXFileReference; lastKnownFileType = text.plist.xml; path = Info.plist; sourceTree = "<group>"; };
		F28EE352193E3DA900CB2AEF /* AppDelegate.swift */ = {isa = PBXFileReference; lastKnownFileType = sourcecode.swift; path = AppDelegate.swift; sourceTree = "<group>"; };
		F28EE354193E3DA900CB2AEF /* ViewController.swift */ = {isa = PBXFileReference; lastKnownFileType = sourcecode.swift; path = ViewController.swift; sourceTree = "<group>"; };
		F28EE357193E3DA900CB2AEF /* Base */ = {isa = PBXFileReference; lastKnownFileType = file.storyboard; name = Base; path = Base.lproj/Main.storyboard; sourceTree = "<group>"; };
		F28EE359193E3DA900CB2AEF /* Images.xcassets */ = {isa = PBXFileReference; lastKnownFileType = folder.assetcatalog; path = Images.xcassets; sourceTree = "<group>"; };
		F28EE35F193E3DA900CB2AEF /* SwiftTestTests.xctest */ = {isa = PBXFileReference; explicitFileType = wrapper.cfbundle; includeInIndex = 0; path = SwiftTestTests.xctest; sourceTree = BUILT_PRODUCTS_DIR; };
		F28EE364193E3DA900CB2AEF /* Info.plist */ = {isa = PBXFileReference; lastKnownFileType = text.plist.xml; path = Info.plist; sourceTree = "<group>"; };
		F28EE365193E3DA900CB2AEF /* SwiftTestTests.swift */ = {isa = PBXFileReference; lastKnownFileType = sourcecode.swift; path = SwiftTestTests.swift; sourceTree = "<group>"; };
/* End PBXFileReference section */

/* Begin PBXFrameworksBuildPhase section */
		F28EE34A193E3DA900CB2AEF /* Frameworks */ = {
			isa = PBXFrameworksBuildPhase;
			buildActionMask = 2147483647;
			files = (
			);
			runOnlyForDeploymentPostprocessing = 0;
		};
		F28EE35C193E3DA900CB2AEF /* Frameworks */ = {
			isa = PBXFrameworksBuildPhase;
			buildActionMask = 2147483647;
			files = (
			);
			runOnlyForDeploymentPostprocessing = 0;
		};
/* End PBXFrameworksBuildPhase section */

/* Begin PBXGroup section */
		F28EE344193E3DA900CB2AEF = {
			isa = PBXGroup;
			children = (
				F28EE34F193E3DA900CB2AEF /* SwiftTest */,
				F28EE362193E3DA900CB2AEF /* SwiftTestTests */,
				F28EE34E193E3DA900CB2AEF /* Products */,
			);
			sourceTree = "<group>";
		};
		F28EE34E193E3DA900CB2AEF /* Products */ = {
			isa = PBXGroup;
			children = (
				F28EE34D193E3DA900CB2AEF /* SwiftTest.app */,
				F28EE35F193E3DA900CB2AEF /* SwiftTestTests.xctest */,
			);
			name = Products;
			sourceTree = "<group>";
		};
		F28EE34F193E3DA900CB2AEF /* SwiftTest */ = {
			isa = PBXGroup;
			children = (
				F28EE352193E3DA900CB2AEF /* AppDelegate.swift */,
				F28EE354193E3DA900CB2AEF /* ViewController.swift */,
				F28EE356193E3DA900CB2AEF /* Main.storyboard */,
				F28EE359193E3DA900CB2AEF /* Images.xcassets */,
				F28EE350193E3DA900CB2AEF /* Supporting Files */,
			);
			path = SwiftTest;
			sourceTree = "<group>";
		};
		F28EE350193E3DA900CB2AEF /* Supporting Files */ = {
			isa = PBXGroup;
			children = (
				F28EE351193E3DA900CB2AEF /* Info.plist */,
			);
			name = "Supporting Files";
			sourceTree = "<group>";
		};
		F28EE362193E3DA900CB2AEF /* SwiftTestTests */ = {
			isa = PBXGroup;
			children = (
				F28EE365193E3DA900CB2AEF /* SwiftTestTests.swift */,
				F28EE363193E3DA900CB2AEF /* Supporting Files */,
			);
			path = SwiftTestTests;
			sourceTree = "<group>";
		};
		F28EE363193E3DA900CB2AEF /* Supporting Files */ = {
			isa = PBXGroup;
			children = (
				F28EE364193E3DA900CB2AEF /* Info.plist */,
			);
			name = "Supporting Files";
			sourceTree = "<group>";
		};
/* End PBXGroup section */

/* Begin PBXNativeTarget section */
		F28EE34C193E3DA900CB2AEF /* SwiftTest */ = {
			isa = PBXNativeTarget;
			buildConfigurationList = F28EE369193E3DA900CB2AEF /* Build configuration list for PBXNativeTarget "SwiftTest" */;
			buildPhases = (
				F28EE349193E3DA900CB2AEF /* Sources */,
				F28EE34A193E3DA900CB2AEF /* Frameworks */,
				F28EE34B193E3DA900CB2AEF /* Resources */,
			);
			buildRules = (
			);
			dependencies = (
			);
			name = SwiftTest;
			productName = SwiftTest;
			productReference = F28EE34D193E3DA900CB2AEF /* SwiftTest.app */;
			productType = "com.apple.product-type.application";
		};
		F28EE35E193E3DA900CB2AEF /* SwiftTestTests */ = {
			isa = PBXNativeTarget;
			buildConfigurationList = F28EE36C193E3DA900CB2AEF /* Build configuration list for PBXNativeTarget "SwiftTestTests" */;
			buildPhases = (
				F28EE35B193E3DA900CB2AEF /* Sources */,
				F28EE35C193E3DA900CB2AEF /* Frameworks */,
				F28EE35D193E3DA900CB2AEF /* Resources */,
			);
			buildRules = (
			);
			dependencies = (
				F28EE361193E3DA900CB2AEF /* PBXTargetDependency */,
			);
			name = SwiftTestTests;
			productName = SwiftTestTests;
			productReference = F28EE35F193E3DA900CB2AEF /* SwiftTestTests.xctest */;
			productType = "com.apple.product-type.bundle.unit-test";
		};
/* End PBXNativeTarget section */

/* Begin PBXProject section */
		F28EE345193E3DA900CB2AEF /* Project object */ = {
			isa = PBXProject;
			attributes = {
				LastUpgradeCheck = 0600;
				ORGANIZATIONNAME = "Phillip Tennen";
				TargetAttributes = {
					F28EE34C193E3DA900CB2AEF = {
						CreatedOnToolsVersion = 6.0;
					};
					F28EE35E193E3DA900CB2AEF = {
						CreatedOnToolsVersion = 6.0;
						TestTargetID = F28EE34C193E3DA900CB2AEF;
					};
				};
			};
			buildConfigurationList = F28EE348193E3DA900CB2AEF /* Build configuration list for PBXProject "SwiftTest" */;
			compatibilityVersion = "Xcode 3.2";
			developmentRegion = English;
			hasScannedForEncodings = 0;
			knownRegions = (
				en,
				Base,
			);
			mainGroup = F28EE344193E3DA900CB2AEF;
			productRefGroup = F28EE34E193E3DA900CB2AEF /* Products */;
			projectDirPath = "";
			projectRoot = "";
			targets = (
				F28EE34C193E3DA900CB2AEF /* SwiftTest */,
				F28EE35E193E3DA900CB2AEF /* SwiftTestTests */,
			);
		};
/* End PBXProject section */

/* Begin PBXResourcesBuildPhase section */
		F28EE34B193E3DA900CB2AEF /* Resources */ = {
			isa = PBXResourcesBuildPhase;
			buildActionMask = 2147483647;
			files = (
				F28EE358193E3DA900CB2AEF /* Main.storyboard in Resources */,
				F28EE35A193E3DA900CB2AEF /* Images.xcassets in Resources */,
			);
			runOnlyForDeploymentPostprocessing = 0;
		};
		F28EE35D193E3DA900CB2AEF /* Resources */ = {
			isa = PBXResourcesBuildPhase;
			buildActionMask = 2147483647;
			files = (
			);
			runOnlyForDeploymentPostprocessing = 0;
		};
/* End PBXResourcesBuildPhase section */

/* Begin PBXSourcesBuildPhase section */
		F28EE349193E3DA900CB2AEF /* Sources */ = {
			isa = PBXSourcesBuildPhase;
			buildActionMask = 2147483647;
			files = (
				F28EE355193E3DA900CB2AEF /* ViewController.swift in Sources */,
				F28EE353193E3DA900CB2AEF /* AppDelegate.swift in Sources */,
			);
			runOnlyForDeploymentPostprocessing = 0;
		};
		F28EE35B193E3DA900CB2AEF /* Sources */ = {
			isa = PBXSourcesBuildPhase;
			buildActionMask = 2147483647;
			files = (
				F28EE366193E3DA900CB2AEF /* SwiftTestTests.swift in Sources */,
			);
			runOnlyForDeploymentPostprocessing = 0;
		};
/* End PBXSourcesBuildPhase section */

/* Begin PBXTargetDependency section */
		F28EE361193E3DA900CB2AEF /* PBXTargetDependency */ = {
			isa = PBXTargetDependency;
			target = F28EE34C193E3DA900CB2AEF /* SwiftTest */;
			targetProxy = F28EE360193E3DA900CB2AEF /* PBXContainerItemProxy */;
		};
/* End PBXTargetDependency section */

/* Begin PBXVariantGroup section */
		F28EE356193E3DA900CB2AEF /* Main.storyboard */ = {
			isa = PBXVariantGroup;
			children = (
				F28EE357193E3DA900CB2AEF /* Base */,
			);
			name = Main.storyboard;
			sourceTree = "<group>";
		};
/* End PBXVariantGroup section */

/* Begin XCBuildConfiguration section */
		F28EE367193E3DA900CB2AEF /* Debug */ = {
			isa = XCBuildConfiguration;
			buildSettings = {
				ALWAYS_SEARCH_USER_PATHS = NO;
				CLANG_CXX_LANGUAGE_STANDARD = "gnu++0x";
				CLANG_CXX_LIBRARY = "libc++";
				CLANG_ENABLE_MODULES = YES;
				CLANG_ENABLE_OBJC_ARC = YES;
				CLANG_WARN_BOOL_CONVERSION = YES;
				CLANG_WARN_CONSTANT_CONVERSION = YES;
				CLANG_WARN_DIRECT_OBJC_ISA_USAGE = YES_ERROR;
				CLANG_WARN_EMPTY_BODY = YES;
				CLANG_WARN_ENUM_CONVERSION = YES;
				CLANG_WARN_INT_CONVERSION = YES;
				CLANG_WARN_OBJC_ROOT_CLASS = YES_ERROR;
				CLANG_WARN_UNREACHABLE_CODE = YES;
				CLANG_WARN__DUPLICATE_METHOD_MATCH = YES;
				"CODE_SIGN_IDENTITY[sdk=iphoneos*]" = "iPhone Developer";
				COPY_PHASE_STRIP = NO;
				ENABLE_STRICT_OBJC_MSGSEND = YES;
				GCC_C_LANGUAGE_STANDARD = gnu99;
				GCC_DYNAMIC_NO_PIC = NO;
				GCC_OPTIMIZATION_LEVEL = 0;
				GCC_PREPROCESSOR_DEFINITIONS = (
					"DEBUG=1",
					"$(inherited)",
				);
				GCC_SYMBOLS_PRIVATE_EXTERN = NO;
				GCC_WARN_64_TO_32_BIT_CONVERSION = YES;
				GCC_WARN_ABOUT_RETURN_TYPE = YES_ERROR;
				GCC_WARN_UNDECLARED_SELECTOR = YES;
				GCC_WARN_UNINITIALIZED_AUTOS = YES_AGGRESSIVE;
				GCC_WARN_UNUSED_FUNCTION = YES;
				GCC_WARN_UNUSED_VARIABLE = YES;
				IPHONEOS_DEPLOYMENT_TARGET = 8.0;
				METAL_ENABLE_DEBUG_INFO = YES;
				ONLY_ACTIVE_ARCH = YES;
				SDKROOT = iphoneos;
				SWIFT_OPTIMIZATION_LEVEL = "-Onone";
			};
			name = Debug;
		};
		F28EE368193E3DA900CB2AEF /* Release */ = {
			isa = XCBuildConfiguration;
			buildSettings = {
				ALWAYS_SEARCH_USER_PATHS = NO;
				CLANG_CXX_LANGUAGE_STANDARD = "gnu++0x";
				CLANG_CXX_LIBRARY = "libc++";
				CLANG_ENABLE_MODULES = YES;
				CLANG_ENABLE_OBJC_ARC = YES;
				CLANG_WARN_BOOL_CONVERSION = YES;
				CLANG_WARN_CONSTANT_CONVERSION = YES;
				CLANG_WARN_DIRECT_OBJC_ISA_USAGE = YES_ERROR;
				CLANG_WARN_EMPTY_BODY = YES;
				CLANG_WARN_ENUM_CONVERSION = YES;
				CLANG_WARN_INT_CONVERSION = YES;
				CLANG_WARN_OBJC_ROOT_CLASS = YES_ERROR;
				CLANG_WARN_UNREACHABLE_CODE = YES;
				CLANG_WARN__DUPLICATE_METHOD_MATCH = YES;
				"CODE_SIGN_IDENTITY[sdk=iphoneos*]" = "iPhone Developer";
				COPY_PHASE_STRIP = YES;
				ENABLE_NS_ASSERTIONS = NO;
				ENABLE_STRICT_OBJC_MSGSEND = YES;
				GCC_C_LANGUAGE_STANDARD = gnu99;
				GCC_WARN_64_TO_32_BIT_CONVERSION = YES;
				GCC_WARN_ABOUT_RETURN_TYPE = YES_ERROR;
				GCC_WARN_UNDECLARED_SELECTOR = YES;
				GCC_WARN_UNINITIALIZED_AUTOS = YES_AGGRESSIVE;
				GCC_WARN_UNUSED_FUNCTION = YES;
				GCC_WARN_UNUSED_VARIABLE = YES;
				IPHONEOS_DEPLOYMENT_TARGET = 8.0;
				METAL_ENABLE_DEBUG_INFO = NO;
				SDKROOT = iphoneos;
				VALIDATE_PRODUCT = YES;
			};
			name = Release;
		};
		F28EE36A193E3DA900CB2AEF /* Debug */ = {
			isa = XCBuildConfiguration;
			buildSettings = {
				ASSETCATALOG_COMPILER_APPICON_NAME = AppIcon;
				ASSETCATALOG_COMPILER_LAUNCHIMAGE_NAME = LaunchImage;
				INFOPLIST_FILE = SwiftTest/Info.plist;
				LD_RUNPATH_SEARCH_PATHS = "$(inherited) @executable_path/Frameworks";
				PRODUCT_NAME = "$(TARGET_NAME)";
			};
			name = Debug;
		};
		F28EE36B193E3DA900CB2AEF /* Release */ = {
			isa = XCBuildConfiguration;
			buildSettings = {
				ASSETCATALOG_COMPILER_APPICON_NAME = AppIcon;
				ASSETCATALOG_COMPILER_LAUNCHIMAGE_NAME = LaunchImage;
				INFOPLIST_FILE = SwiftTest/Info.plist;
				LD_RUNPATH_SEARCH_PATHS = "$(inherited) @executable_path/Frameworks";
				PRODUCT_NAME = "$(TARGET_NAME)";
			};
			name = Release;
		};
		F28EE36D193E3DA900CB2AEF /* Debug */ = {
			isa = XCBuildConfiguration;
			buildSettings = {
				BUNDLE_LOADER = "$(BUILT_PRODUCTS_DIR)/SwiftTest.app/SwiftTest";
				FRAMEWORK_SEARCH_PATHS = (
					"$(SDKROOT)/Developer/Library/Frameworks",
					"$(inherited)",
				);
				GCC_PREPROCESSOR_DEFINITIONS = (
					"DEBUG=1",
					"$(inherited)",
				);
				INFOPLIST_FILE = SwiftTestTests/Info.plist;
				LD_RUNPATH_SEARCH_PATHS = "$(inherited) @executable_path/Frameworks @loader_path/Frameworks";
				METAL_ENABLE_DEBUG_INFO = YES;
				PRODUCT_NAME = "$(TARGET_NAME)";
				TEST_HOST = "$(BUNDLE_LOADER)";
			};
			name = Debug;
		};
		F28EE36E193E3DA900CB2AEF /* Release */ = {
			isa = XCBuildConfiguration;
			buildSettings = {
				BUNDLE_LOADER = "$(BUILT_PRODUCTS_DIR)/SwiftTest.app/SwiftTest";
				FRAMEWORK_SEARCH_PATHS = (
					"$(SDKROOT)/Developer/Library/Frameworks",
					"$(inherited)",
				);
				INFOPLIST_FILE = SwiftTestTests/Info.plist;
				LD_RUNPATH_SEARCH_PATHS = "$(inherited) @executable_path/Frameworks @loader_path/Frameworks";
				METAL_ENABLE_DEBUG_INFO = NO;
				PRODUCT_NAME = "$(TARGET_NAME)";
				TEST_HOST = "$(BUNDLE_LOADER)";
			};
			name = Release;
		};
/* End XCBuildConfiguration section */

/* Begin XCConfigurationList section */
		F28EE348193E3DA900CB2AEF /* Build configuration list for PBXProject "SwiftTest" */ = {
			isa = XCConfigurationList;
			buildConfigurations = (
				F28EE367193E3DA900CB2AEF /* Debug */,
				F28EE368193E3DA900CB2AEF /* Release */,
			);
			defaultConfigurationIsVisible = 0;
			defaultConfigurationName = Release;
		};
		F28EE369193E3DA900CB2AEF /* Build configuration list for PBXNativeTarget "SwiftTest" */ = {
			isa = XCConfigurationList;
			buildConfigurations = (
				F28EE36A193E3DA900CB2AEF /* Debug */,
				F28EE36B193E3DA900CB2AEF /* Release */,
			);
			defaultConfigurationIsVisible = 0;
		};
		F28EE36C193E3DA900CB2AEF /* Build configuration list for PBXNativeTarget "SwiftTestTests" */ = {
			isa = XCConfigurationList;
			buildConfigurations = (
				F28EE36D193E3DA900CB2AEF /* Debug */,
				F28EE36E193E3DA900CB2AEF /* Release */,
			);
			defaultConfigurationIsVisible = 0;
		};
/* End XCConfigurationList section */
	};
	rootObject = F28EE345193E3DA900CB2AEF /* Project object */;
}
